
Microsoft Visual Studio Solution File, Format Version 12.00
# Visual Studio Version 17
VisualStudioVersion = 17.0.31903.59
MinimumVisualStudioVersion = 10.0.40219.1
Project("{2150E333-8FDC-42A3-9474-1A3956D46DE8}") = "src", "src", "{332F10B0-F0FB-44DA-BD05-66A7B2C069E5}"
EndProject
Project("{FAE04EC0-301F-11D3-BF4B-00C04F79EFBC}") = "AuctionService", "src\AuctionService\AuctionService.csproj", "{F56D8784-08A5-47A0-8BA9-EC8BD725276C}"
EndProject
Project("{FAE04EC0-301F-11D3-BF4B-00C04F79EFBC}") = "SearchService", "src\SearchService\SearchService.csproj", "{062EAB5D-C0F5-4A11-9D04-253EC4100E12}"
EndProject
Project("{FAE04EC0-301F-11D3-BF4B-00C04F79EFBC}") = "Contracts", "src\Contracts\Contracts.csproj", "{4B5E55FA-27B9-433B-96BA-C8C88D49FE4E}"
EndProject
Global
	GlobalSection(SolutionConfigurationPlatforms) = preSolution
		Debug|Any CPU = Debug|Any CPU
		Release|Any CPU = Release|Any CPU
	EndGlobalSection
	GlobalSection(SolutionProperties) = preSolution
		HideSolutionNode = FALSE
	EndGlobalSection
	GlobalSection(ProjectConfigurationPlatforms) = postSolution
		{F56D8784-08A5-47A0-8BA9-EC8BD725276C}.Debug|Any CPU.ActiveCfg = Debug|Any CPU
		{F56D8784-08A5-47A0-8BA9-EC8BD725276C}.Debug|Any CPU.Build.0 = Debug|Any CPU
		{F56D8784-08A5-47A0-8BA9-EC8BD725276C}.Release|Any CPU.ActiveCfg = Release|Any CPU
		{F56D8784-08A5-47A0-8BA9-EC8BD725276C}.Release|Any CPU.Build.0 = Release|Any CPU
		{062EAB5D-C0F5-4A11-9D04-253EC4100E12}.Debug|Any CPU.ActiveCfg = Debug|Any CPU
		{062EAB5D-C0F5-4A11-9D04-253EC4100E12}.Debug|Any CPU.Build.0 = Debug|Any CPU
		{062EAB5D-C0F5-4A11-9D04-253EC4100E12}.Release|Any CPU.ActiveCfg = Release|Any CPU
		{062EAB5D-C0F5-4A11-9D04-253EC4100E12}.Release|Any CPU.Build.0 = Release|Any CPU
		{4B5E55FA-27B9-433B-96BA-C8C88D49FE4E}.Debug|Any CPU.ActiveCfg = Debug|Any CPU
		{4B5E55FA-27B9-433B-96BA-C8C88D49FE4E}.Debug|Any CPU.Build.0 = Debug|Any CPU
		{4B5E55FA-27B9-433B-96BA-C8C88D49FE4E}.Release|Any CPU.ActiveCfg = Release|Any CPU
		{4B5E55FA-27B9-433B-96BA-C8C88D49FE4E}.Release|Any CPU.Build.0 = Release|Any CPU
	EndGlobalSection
	GlobalSection(NestedProjects) = preSolution
		{F56D8784-08A5-47A0-8BA9-EC8BD725276C} = {332F10B0-F0FB-44DA-BD05-66A7B2C069E5}
		{062EAB5D-C0F5-4A11-9D04-253EC4100E12} = {332F10B0-F0FB-44DA-BD05-66A7B2C069E5}
		{4B5E55FA-27B9-433B-96BA-C8C88D49FE4E} = {332F10B0-F0FB-44DA-BD05-66A7B2C069E5}
	EndGlobalSection
EndGlobal
